
Microsoft Visual Studio Solution File, Format Version 12.00
# Visual Studio Version 17
VisualStudioVersion = 17.0.31717.71
MinimumVisualStudioVersion = 10.0.40219.1
Project("{FAE04EC0-301F-11D3-BF4B-00C04F79EFBC}") = "WebApplication", "WebApplication\WebApplication.csproj", "{4314AA70-6A9E-437A-BE15-250D6A950D6A}"
EndProject
Global
	GlobalSection(SolutionConfigurationPlatforms) = preSolution
		Debug|Any CPU = Debug|Any CPU
		Release|Any CPU = Release|Any CPU
	EndGlobalSection
	GlobalSection(ProjectConfigurationPlatforms) = postSolution
		{4314AA70-6A9E-437A-BE15-250D6A950D6A}.Debug|Any CPU.ActiveCfg = Debug|Any CPU
		{4314AA70-6A9E-437A-BE15-250D6A950D6A}.Debug|Any CPU.Build.0 = Debug|Any CPU
		{4314AA70-6A9E-437A-BE15-250D6A950D6A}.Release|Any CPU.ActiveCfg = Release|Any CPU
		{4314AA70-6A9E-437A-BE15-250D6A950D6A}.Release|Any CPU.Build.0 = Release|Any CPU
	EndGlobalSection
	GlobalSection(SolutionProperties) = preSolution
		HideSolutionNode = FALSE
	EndGlobalSection
	GlobalSection(ExtensibilityGlobals) = postSolution
		SolutionGuid = {893CA090-FCDA-4172-A86C-2FCCD8DE41C8}
	EndGlobalSection
EndGlobal
